<?xml version="1.0" encoding="utf-8"?>
<Project ToolsVersion="4.0" xmlns="http://schemas.microsoft.com/developer/msbuild/2003">
  <ItemGroup>
    <Filter Include="소스 파일">
      <UniqueIdentifier>{4FC737F1-C7A5-4376-A066-2A32D752A2FF}</UniqueIdentifier>
      <Extensions>cpp;c;cc;cxx;c++;cppm;ixx;def;odl;idl;hpj;bat;asm;asmx</Extensions>
    </Filter>
    <Filter Include="헤더 파일">
      <UniqueIdentifier>{93995380-89BD-4b04-88EB-625FBE52EBFB}</UniqueIdentifier>
      <Extensions>h;hh;hpp;hxx;h++;hm;inl;inc;ipp;xsd</Extensions>
    </Filter>
    <Filter Include="리소스 파일">
      <UniqueIdentifier>{67DA6AB6-F800-4c08-8B7A-83BB121AAD01}</UniqueIdentifier>
      <Extensions>rc;ico;cur;bmp;dlg;rc2;rct;bin;rgs;gif;jpg;jpeg;jpe;resx;tiff;tif;png;wav;mfcribbon-ms</Extensions>
    </Filter>
    <Filter Include="Event">
      <UniqueIdentifier>{683f1344-7dd3-448c-9d17-0efa3790b8ce}</UniqueIdentifier>
    </Filter>
    <Filter Include="Tutorial">
      <UniqueIdentifier>{b70cc1a3-0eea-46bc-a6a2-5dd996d34ebf}</UniqueIdentifier>
    </Filter>
    <Filter Include="GameManager">
      <UniqueIdentifier>{5ef9da52-db07-4133-ad97-f0b3adc02194}</UniqueIdentifier>
    </Filter>
    <Filter Include="Unit">
      <UniqueIdentifier>{0a0a3e37-4b33-4dcd-9d73-8c21a413dc5d}</UniqueIdentifier>
    </Filter>
    <Filter Include="Battle">
      <UniqueIdentifier>{665d9818-c214-44a4-924c-15f3b9f38c45}</UniqueIdentifier>
    </Filter>
  </ItemGroup>
  <ItemGroup>
    <ClCompile Include="main.cpp">
      <Filter>소스 파일</Filter>
    </ClCompile>
    <ClCompile Include="Rotator.cpp">
      <Filter>소스 파일</Filter>
    </ClCompile>
    <ClCompile Include="ForwardMover.cpp">
      <Filter>소스 파일</Filter>
    </ClCompile>
    <ClCompile Include="ColorToggler.cpp">
      <Filter>소스 파일</Filter>
    </ClCompile>
    <ClCompile Include="MonitorScreen.cpp">
      <Filter>소스 파일</Filter>
    </ClCompile>
    <ClCompile Include="AliceComponent.cpp">
      <Filter>소스 파일</Filter>
    </ClCompile>
    <ClCompile Include="SetActiveEvent.cpp">
      <Filter>Event</Filter>
    </ClCompile>
    <ClCompile Include="ClientSceneManager.cpp">
      <Filter>소스 파일</Filter>
    </ClCompile>
    <ClCompile Include="TutorialTrigger.cpp">
      <Filter>Event</Filter>
    </ClCompile>
    <ClCompile Include="TutorialManager.cpp">
      <Filter>Tutorial</Filter>
    </ClCompile>
    <ClCompile Include="GameManager.cpp">
      <Filter>GameManager</Filter>
    </ClCompile>
    <ClCompile Include="Unit.cpp">
      <Filter>Unit</Filter>
    </ClCompile>
    <ClCompile Include="AllyUnit.cpp">
      <Filter>Unit</Filter>
    </ClCompile>
    <ClCompile Include="EnemyUnit.cpp">
      <Filter>Unit</Filter>
    </ClCompile>
    <ClCompile Include="CombatController.cpp">
      <Filter>Battle</Filter>
    </ClCompile>
    <ClCompile Include="BattleGrid.cpp">
      <Filter>Battle</Filter>
    </ClCompile>
    <ClCompile Include="SelectIndexEvent.cpp">
      <Filter>Event</Filter>
    </ClCompile>
    <ClCompile Include="ImageVisualUpdateEvent.cpp">
      <Filter>Event</Filter>
    </ClCompile>
    <ClCompile Include="RayCastHitEvent.cpp">
      <Filter>Event</Filter>
    </ClCompile>
    <ClCompile Include="OpenPSEvent.cpp">
      <Filter>Event</Filter>
    </ClCompile>
    <ClCompile Include="ClickPSOkayEvent.cpp">
      <Filter>Event</Filter>
    </ClCompile>
    <ClCompile Include="OpenRSEvent.cpp">
      <Filter>Event</Filter>
    </ClCompile>
    <ClCompile Include="ClickRSOkayEvent.cpp">
      <Filter>Event</Filter>
    </ClCompile>
    <ClCompile Include="RuleImageVisualEvent.cpp">
      <Filter>Event</Filter>
    </ClCompile>
    <ClCompile Include="AliceUnit.cpp">
      <Filter>Unit</Filter>
    </ClCompile>
    <ClCompile Include="ClickStartButton.cpp">
      <Filter>Event</Filter>
    </ClCompile>
    <ClCompile Include="ExitButtonEvent.cpp">
      <Filter>Event</Filter>
    </ClCompile>
    <ClCompile Include="UnitActionEvent.cpp">
      <Filter>소스 파일</Filter>
    </ClCompile>
    <ClCompile Include="SetMainSceneEvent.cpp">
      <Filter>Event</Filter>
    </ClCompile>
    <ClCompile Include="GameOverEvent.cpp">
      <Filter>Event</Filter>
    </ClCompile>
    <ClCompile Include="SliderValueEvent.cpp">
      <Filter>Event</Filter>
    </ClCompile>
    <ClCompile Include="HPBarFollowEvent.cpp">
      <Filter>Event</Filter>
    </ClCompile>
    <ClCompile Include="SkillButton.cpp">
      <Filter>Event</Filter>
    </ClCompile>
    <ClCompile Include="ArrowObjectPool.cpp">
      <Filter>Battle</Filter>
    </ClCompile>
    <ClCompile Include="ClickSetActiveObjEvent.cpp">
      <Filter>Event</Filter>
    </ClCompile>
    <ClCompile Include="CameraControlEvent.cpp">
      <Filter>소스 파일</Filter>
    </ClCompile>
    <ClCompile Include="ChesherGuideEvent.cpp">
      <Filter>Event</Filter>
    </ClCompile>
    <ClCompile Include="SkillHoverEvent.cpp">
      <Filter>Event</Filter>
    </ClCompile>
    <ClCompile Include="TutorialSceneTriggerEvent.cpp">
      <Filter>소스 파일</Filter>
    </ClCompile>
    <ClCompile Include="TitleCreditTriggerEvent.cpp">
      <Filter>소스 파일</Filter>
    </ClCompile>
    <ClCompile Include="MakeSetActiveEvent.cpp">
      <Filter>소스 파일</Filter>
    </ClCompile>
    <ClCompile Include="RedQueen.cpp">
      <Filter>Unit</Filter>
    </ClCompile>
    <ClCompile Include="DelayDisableEvent.cpp">
      <Filter>Event</Filter>
    </ClCompile>
    <ClCompile Include="ClickWarningWindowOkayEvent.cpp">
      <Filter>Event</Filter>
    </ClCompile>
    <ClCompile Include="ClickWarningWindowExitButtonEvent.cpp">
      <Filter>Event</Filter>
    </ClCompile>
    <ClCompile Include="EndSceneManager.cpp">
      <Filter>Tutorial</Filter>
    </ClCompile>
    <ClCompile Include="ESCEvent.cpp">
      <Filter>소스 파일</Filter>
    </ClCompile>
  </ItemGroup>
  <ItemGroup>
    <ClInclude Include="Common.h">
      <Filter>헤더 파일</Filter>
    </ClInclude>
    <ClInclude Include="Rotator.h">
      <Filter>헤더 파일</Filter>
    </ClInclude>
    <ClInclude Include="ForwardMover.h">
      <Filter>헤더 파일</Filter>
    </ClInclude>
    <ClInclude Include="ColorToggler.h">
      <Filter>헤더 파일</Filter>
    </ClInclude>
    <ClInclude Include="MonitorScreen.h">
      <Filter>헤더 파일</Filter>
    </ClInclude>
    <ClInclude Include="AliceComponent.h">
      <Filter>헤더 파일</Filter>
    </ClInclude>
    <ClInclude Include="SetActiveEvent.h">
      <Filter>Event</Filter>
    </ClInclude>
    <ClInclude Include="ClientSceneManager.h">
      <Filter>헤더 파일</Filter>
    </ClInclude>
    <ClInclude Include="TutorialTrigger.h">
      <Filter>Event</Filter>
    </ClInclude>
    <ClInclude Include="TutorialManager.h">
      <Filter>Tutorial</Filter>
    </ClInclude>
    <ClInclude Include="GameManager.h">
      <Filter>GameManager</Filter>
    </ClInclude>
    <ClInclude Include="Unit.h">
      <Filter>Unit</Filter>
    </ClInclude>
    <ClInclude Include="AllyUnit.h">
      <Filter>Unit</Filter>
    </ClInclude>
    <ClInclude Include="EnemyUnit.h">
      <Filter>Unit</Filter>
    </ClInclude>
    <ClInclude Include="CombatController.h">
      <Filter>Battle</Filter>
    </ClInclude>
    <ClInclude Include="BattleGrid.h">
      <Filter>Battle</Filter>
    </ClInclude>
    <ClInclude Include="SelectIndexEvent.h">
      <Filter>Event</Filter>
    </ClInclude>
    <ClInclude Include="ImageVisualUpdateEvent.h">
      <Filter>Event</Filter>
    </ClInclude>
    <ClInclude Include="RayCastHitEvent.h">
      <Filter>Event</Filter>
    </ClInclude>
    <ClInclude Include="OpenPSEvent.h">
      <Filter>Event</Filter>
    </ClInclude>
    <ClInclude Include="ClickPSOkayEvent.h">
      <Filter>Event</Filter>
    </ClInclude>
    <ClInclude Include="OpenRSEvent.h">
      <Filter>Event</Filter>
    </ClInclude>
    <ClInclude Include="ClickRSOkayEvent.h">
      <Filter>Event</Filter>
    </ClInclude>
    <ClInclude Include="RuleImageVisualEvent.h">
      <Filter>Event</Filter>
    </ClInclude>
    <ClInclude Include="AliceUnit.h">
      <Filter>Unit</Filter>
    </ClInclude>
    <ClInclude Include="ClickStartButton.h">
      <Filter>Event</Filter>
    </ClInclude>
    <ClInclude Include="ExitButtonEvent.h">
      <Filter>Event</Filter>
    </ClInclude>
    <ClInclude Include="UnitActionEvent.h">
      <Filter>헤더 파일</Filter>
    </ClInclude>
    <ClInclude Include="GameOverEvent.h">
      <Filter>Event</Filter>
    </ClInclude>
    <ClInclude Include="SetMainSceneEvent.h">
      <Filter>Event</Filter>
    </ClInclude>
    <ClInclude Include="SliderValueEvent.h">
      <Filter>Event</Filter>
    </ClInclude>
    <ClInclude Include="HPBarFollowEvent.h">
      <Filter>Event</Filter>
    </ClInclude>
    <ClInclude Include="SkillButton.h">
      <Filter>Event</Filter>
    </ClInclude>
    <ClInclude Include="ArrowObjectPool.h">
      <Filter>Battle</Filter>
    </ClInclude>
    <ClInclude Include="ClickSetActiveObjEvent.h">
      <Filter>Event</Filter>
    </ClInclude>
    <ClInclude Include="CameraControlEvent.h">
      <Filter>헤더 파일</Filter>
    </ClInclude>
    <ClInclude Include="ChesherGuideEvent.h">
      <Filter>Event</Filter>
    </ClInclude>
    <ClInclude Include="TutorialSceneTriggerEvent.h">
      <Filter>Event</Filter>
    </ClInclude>
    <ClInclude Include="TitleCreditTriggerEvent.h">
      <Filter>Event</Filter>
    </ClInclude>
    <ClInclude Include="MakeSetActiveEvent.h">
      <Filter>Event</Filter>
    </ClInclude>
    <ClInclude Include="RedQueen.h">
      <Filter>Unit</Filter>
    </ClInclude>
    <ClInclude Include="SkillHoverEvent.h">
      <Filter>헤더 파일</Filter>
    </ClInclude>
    <ClInclude Include="DelayDisableEvent.h">
      <Filter>Event</Filter>
    </ClInclude>
    <ClInclude Include="ClickWarningWindowOkayEvent.h">
      <Filter>Event</Filter>
    </ClInclude>
    <ClInclude Include="ClickWarningWindowExitButtonEvent.h">
      <Filter>Event</Filter>
    </ClInclude>
    <ClInclude Include="EndSceneManager.h">
      <Filter>Tutorial</Filter>
    </ClInclude>
    <ClInclude Include="ESCEvent.h">
      <Filter>헤더 파일</Filter>
    </ClInclude>
  </ItemGroup>
</Project>