
Microsoft Visual Studio Solution File, Format Version 12.00
# Visual Studio Version 17
VisualStudioVersion = 17.14.36203.30
MinimumVisualStudioVersion = 10.0.40219.1
Project("{8BC9CEB8-8B4A-11D0-8D11-00A0C91BC942}") = "Game", "Client\Client.vcxproj", "{B72DFCE4-C98A-4207-984A-B24E664A7D13}"
EndProject
Project("{8BC9CEB8-8B4A-11D0-8D11-00A0C91BC942}") = "DTEngine", "DTEngine\DTEngine.vcxproj", "{65A73BDC-A132-48FE-B150-825E47F22052}"
	ProjectSection(ProjectDependencies) = postProject
		{3E075D32-017B-489D-B639-C6CB216F748C} = {3E075D32-017B-489D-B639-C6CB216F748C}
		{9865DBC1-DD57-425E-A982-6B4A3F216D07} = {9865DBC1-DD57-425E-A982-6B4A3F216D07}
	EndProjectSection
EndProject
Project("{2150E333-8FDC-42A3-9474-1A3956D46DE8}") = "Client", "Client", "{C8D5274F-AC00-46C7-1F8D-E88E81087A52}"
EndProject
Project("{2150E333-8FDC-42A3-9474-1A3956D46DE8}") = "Engine", "Engine", "{DFE22090-25FC-46EC-B693-CBDA61D4C2E1}"
	ProjectSection(SolutionItems) = preProject
		Client\Common.h = Client\Common.h
	EndProjectSection
EndProject
Project("{2150E333-8FDC-42A3-9474-1A3956D46DE8}") = "ThirdParty", "ThirdParty", "{75F66261-6AAA-482B-90F8-289F519E76A4}"
EndProject
Project("{2150E333-8FDC-42A3-9474-1A3956D46DE8}") = "ImGUI", "ImGUI", "{8785B70E-801C-4395-A67B-6CD07AC8432F}"
EndProject
Project("{2150E333-8FDC-42A3-9474-1A3956D46DE8}") = "Json", "Json", "{A2312E02-181B-4417-919C-78031FF174EA}"
EndProject
Project("{8BC9CEB8-8B4A-11D0-8D11-00A0C91BC942}") = "ImGUIDX11", "ThirdParty\ImGUIDX11\ImGUIDX11.vcxproj", "{9865DBC1-DD57-425E-A982-6B4A3F216D07}"
EndProject
Project("{8BC9CEB8-8B4A-11D0-8D11-00A0C91BC942}") = "nlohmann", "ThirdParty\nlohmann\nlohmann.vcxproj", "{3E075D32-017B-489D-B639-C6CB216F748C}"
EndProject
Global
	GlobalSection(SolutionConfigurationPlatforms) = preSolution
		Debug|x64 = Debug|x64
		Debug|x86 = Debug|x86
		Release|x64 = Release|x64
		Release|x86 = Release|x86
	EndGlobalSection
	GlobalSection(ProjectConfigurationPlatforms) = postSolution
		{B72DFCE4-C98A-4207-984A-B24E664A7D13}.Debug|x64.ActiveCfg = Debug|x64
		{B72DFCE4-C98A-4207-984A-B24E664A7D13}.Debug|x64.Build.0 = Debug|x64
		{B72DFCE4-C98A-4207-984A-B24E664A7D13}.Debug|x86.ActiveCfg = Debug|Win32
		{B72DFCE4-C98A-4207-984A-B24E664A7D13}.Debug|x86.Build.0 = Debug|Win32
		{B72DFCE4-C98A-4207-984A-B24E664A7D13}.Release|x64.ActiveCfg = Release|x64
		{B72DFCE4-C98A-4207-984A-B24E664A7D13}.Release|x64.Build.0 = Release|x64
		{B72DFCE4-C98A-4207-984A-B24E664A7D13}.Release|x86.ActiveCfg = Release|Win32
		{B72DFCE4-C98A-4207-984A-B24E664A7D13}.Release|x86.Build.0 = Release|Win32
		{65A73BDC-A132-48FE-B150-825E47F22052}.Debug|x64.ActiveCfg = Debug|x64
		{65A73BDC-A132-48FE-B150-825E47F22052}.Debug|x64.Build.0 = Debug|x64
		{65A73BDC-A132-48FE-B150-825E47F22052}.Debug|x86.ActiveCfg = Debug|Win32
		{65A73BDC-A132-48FE-B150-825E47F22052}.Debug|x86.Build.0 = Debug|Win32
		{65A73BDC-A132-48FE-B150-825E47F22052}.Release|x64.ActiveCfg = Release|x64
		{65A73BDC-A132-48FE-B150-825E47F22052}.Release|x64.Build.0 = Release|x64
		{65A73BDC-A132-48FE-B150-825E47F22052}.Release|x86.ActiveCfg = Release|Win32
		{65A73BDC-A132-48FE-B150-825E47F22052}.Release|x86.Build.0 = Release|Win32
		{9865DBC1-DD57-425E-A982-6B4A3F216D07}.Debug|x64.ActiveCfg = Debug|x64
		{9865DBC1-DD57-425E-A982-6B4A3F216D07}.Debug|x64.Build.0 = Debug|x64
		{9865DBC1-DD57-425E-A982-6B4A3F216D07}.Debug|x86.ActiveCfg = Debug|Win32
		{9865DBC1-DD57-425E-A982-6B4A3F216D07}.Debug|x86.Build.0 = Debug|Win32
		{9865DBC1-DD57-425E-A982-6B4A3F216D07}.Release|x64.ActiveCfg = Release|x64
		{9865DBC1-DD57-425E-A982-6B4A3F216D07}.Release|x64.Build.0 = Release|x64
		{9865DBC1-DD57-425E-A982-6B4A3F216D07}.Release|x86.ActiveCfg = Release|Win32
		{9865DBC1-DD57-425E-A982-6B4A3F216D07}.Release|x86.Build.0 = Release|Win32
		{3E075D32-017B-489D-B639-C6CB216F748C}.Debug|x64.ActiveCfg = Debug|x64
		{3E075D32-017B-489D-B639-C6CB216F748C}.Debug|x64.Build.0 = Debug|x64
		{3E075D32-017B-489D-B639-C6CB216F748C}.Debug|x86.ActiveCfg = Debug|Win32
		{3E075D32-017B-489D-B639-C6CB216F748C}.Debug|x86.Build.0 = Debug|Win32
		{3E075D32-017B-489D-B639-C6CB216F748C}.Release|x64.ActiveCfg = Release|x64
		{3E075D32-017B-489D-B639-C6CB216F748C}.Release|x64.Build.0 = Release|x64
		{3E075D32-017B-489D-B639-C6CB216F748C}.Release|x86.ActiveCfg = Release|Win32
		{3E075D32-017B-489D-B639-C6CB216F748C}.Release|x86.Build.0 = Release|Win32
	EndGlobalSection
	GlobalSection(SolutionProperties) = preSolution
		HideSolutionNode = FALSE
	EndGlobalSection
	GlobalSection(NestedProjects) = preSolution
		{B72DFCE4-C98A-4207-984A-B24E664A7D13} = {C8D5274F-AC00-46C7-1F8D-E88E81087A52}
		{65A73BDC-A132-48FE-B150-825E47F22052} = {DFE22090-25FC-46EC-B693-CBDA61D4C2E1}
		{8785B70E-801C-4395-A67B-6CD07AC8432F} = {75F66261-6AAA-482B-90F8-289F519E76A4}
		{A2312E02-181B-4417-919C-78031FF174EA} = {75F66261-6AAA-482B-90F8-289F519E76A4}
		{9865DBC1-DD57-425E-A982-6B4A3F216D07} = {8785B70E-801C-4395-A67B-6CD07AC8432F}
		{3E075D32-017B-489D-B639-C6CB216F748C} = {A2312E02-181B-4417-919C-78031FF174EA}
	EndGlobalSection
	GlobalSection(ExtensibilityGlobals) = postSolution
		SolutionGuid = {4B3525BC-8C00-4D0C-8798-7BC01CA3E687}
	EndGlobalSection
EndGlobal
